// !$*UTF8*$!
{
	archiveVersion = 1;
	classes = {
	};
	objectVersion = 56;
	objects = {

/* Begin PBXBuildFile section */
		B354DD592A19A26900E49D36 /* AppDelegate.swift in Sources */ = {isa = PBXBuildFile; fileRef = B354DD582A19A26900E49D36 /* AppDelegate.swift */; };
		B354DD5B2A19A26900E49D36 /* SceneDelegate.swift in Sources */ = {isa = PBXBuildFile; fileRef = B354DD5A2A19A26900E49D36 /* SceneDelegate.swift */; };
		B354DD5D2A19A26900E49D36 /* ViewController.swift in Sources */ = {isa = PBXBuildFile; fileRef = B354DD5C2A19A26900E49D36 /* ViewController.swift */; };
		B354DD632A19A26900E49D36 /* MyNetwork.xcdatamodeld in Sources */ = {isa = PBXBuildFile; fileRef = B354DD612A19A26900E49D36 /* MyNetwork.xcdatamodeld */; };
		B354DD652A19A26900E49D36 /* Assets.xcassets in Resources */ = {isa = PBXBuildFile; fileRef = B354DD642A19A26900E49D36 /* Assets.xcassets */; };
		B354DD682A19A26900E49D36 /* LaunchScreen.storyboard in Resources */ = {isa = PBXBuildFile; fileRef = B354DD662A19A26900E49D36 /* LaunchScreen.storyboard */; };
		B354DD732A19A26A00E49D36 /* MyNetworkTests.swift in Sources */ = {isa = PBXBuildFile; fileRef = B354DD722A19A26A00E49D36 /* MyNetworkTests.swift */; };
		B354DD7D2A19A26A00E49D36 /* MyNetworkUITests.swift in Sources */ = {isa = PBXBuildFile; fileRef = B354DD7C2A19A26A00E49D36 /* MyNetworkUITests.swift */; };
		B354DD7F2A19A26A00E49D36 /* MyNetworkUITestsLaunchTests.swift in Sources */ = {isa = PBXBuildFile; fileRef = B354DD7E2A19A26A00E49D36 /* MyNetworkUITestsLaunchTests.swift */; };
		B354DD902A19B46200E49D36 /* UserListViewController.swift in Sources */ = {isa = PBXBuildFile; fileRef = B354DD8E2A19B46200E49D36 /* UserListViewController.swift */; };
		B354DD912A19B46200E49D36 /* UserListViewController.xib in Resources */ = {isa = PBXBuildFile; fileRef = B354DD8F2A19B46200E49D36 /* UserListViewController.xib */; };
		B354DD942A19CFCA00E49D36 /* UIViewExtensions.swift in Sources */ = {isa = PBXBuildFile; fileRef = B354DD932A19CFCA00E49D36 /* UIViewExtensions.swift */; };
		B354DD962A19D71400E49D36 /* Main.storyboard in Resources */ = {isa = PBXBuildFile; fileRef = B354DD952A19D71400E49D36 /* Main.storyboard */; };
		B354DD982A19D95000E49D36 /* UITextFieldExtension.swift in Sources */ = {isa = PBXBuildFile; fileRef = B354DD972A19D95000E49D36 /* UITextFieldExtension.swift */; };
		B37774022A1A59C000B2FA79 /* UserTableViewCell.swift in Sources */ = {isa = PBXBuildFile; fileRef = B37774002A1A59C000B2FA79 /* UserTableViewCell.swift */; };
		B37774032A1A59C000B2FA79 /* UserTableViewCell.xib in Resources */ = {isa = PBXBuildFile; fileRef = B37774012A1A59C000B2FA79 /* UserTableViewCell.xib */; };
		B37774052A1A61F400B2FA79 /* UserListViewModel.swift in Sources */ = {isa = PBXBuildFile; fileRef = B37774042A1A61F400B2FA79 /* UserListViewModel.swift */; };
		B37774082A1A794A00B2FA79 /* CoreDataManager.swift in Sources */ = {isa = PBXBuildFile; fileRef = B37774072A1A794A00B2FA79 /* CoreDataManager.swift */; };
		B377740B2A1A8EFD00B2FA79 /* NetworkManager.swift in Sources */ = {isa = PBXBuildFile; fileRef = B377740A2A1A8EFD00B2FA79 /* NetworkManager.swift */; };
		B377740E2A1A968400B2FA79 /* UserDisplayModel.swift in Sources */ = {isa = PBXBuildFile; fileRef = B377740D2A1A968400B2FA79 /* UserDisplayModel.swift */; };
		B37774122A1A97DD00B2FA79 /* APIUser.swift in Sources */ = {isa = PBXBuildFile; fileRef = B37774112A1A97DD00B2FA79 /* APIUser.swift */; };
		B377741D2A1AA42C00B2FA79 /* UserRepository.swift in Sources */ = {isa = PBXBuildFile; fileRef = B377741C2A1AA42C00B2FA79 /* UserRepository.swift */; };
		B37774202A1AB37F00B2FA79 /* UserListViewControllerBuilder.swift in Sources */ = {isa = PBXBuildFile; fileRef = B377741F2A1AB37F00B2FA79 /* UserListViewControllerBuilder.swift */; };
		B37774222A1ABA9F00B2FA79 /* APIEndpoints.swift in Sources */ = {isa = PBXBuildFile; fileRef = B37774212A1ABA9F00B2FA79 /* APIEndpoints.swift */; };
		B37774252A1ADCEE00B2FA79 /* UIViewControllerExtension.swift in Sources */ = {isa = PBXBuildFile; fileRef = B37774242A1ADCEE00B2FA79 /* UIViewControllerExtension.swift */; };
		B37774292A1B08A100B2FA79 /* APIUserPost.swift in Sources */ = {isa = PBXBuildFile; fileRef = B37774282A1B08A100B2FA79 /* APIUserPost.swift */; };
		B377742B2A1B095500B2FA79 /* PostDisplayModel.swift in Sources */ = {isa = PBXBuildFile; fileRef = B377742A2A1B095500B2FA79 /* PostDisplayModel.swift */; };
/* End PBXBuildFile section */

/* Begin PBXContainerItemProxy section */
		B354DD6F2A19A26A00E49D36 /* PBXContainerItemProxy */ = {
			isa = PBXContainerItemProxy;
			containerPortal = B354DD4D2A19A26800E49D36 /* Project object */;
			proxyType = 1;
			remoteGlobalIDString = B354DD542A19A26900E49D36;
			remoteInfo = MyNetwork;
		};
		B354DD792A19A26A00E49D36 /* PBXContainerItemProxy */ = {
			isa = PBXContainerItemProxy;
			containerPortal = B354DD4D2A19A26800E49D36 /* Project object */;
			proxyType = 1;
			remoteGlobalIDString = B354DD542A19A26900E49D36;
			remoteInfo = MyNetwork;
		};
/* End PBXContainerItemProxy section */

/* Begin PBXFileReference section */
		B354DD552A19A26900E49D36 /* MyNetwork.app */ = {isa = PBXFileReference; explicitFileType = wrapper.application; includeInIndex = 0; path = MyNetwork.app; sourceTree = BUILT_PRODUCTS_DIR; };
		B354DD582A19A26900E49D36 /* AppDelegate.swift */ = {isa = PBXFileReference; lastKnownFileType = sourcecode.swift; path = AppDelegate.swift; sourceTree = "<group>"; };
		B354DD5A2A19A26900E49D36 /* SceneDelegate.swift */ = {isa = PBXFileReference; lastKnownFileType = sourcecode.swift; path = SceneDelegate.swift; sourceTree = "<group>"; };
		B354DD5C2A19A26900E49D36 /* ViewController.swift */ = {isa = PBXFileReference; lastKnownFileType = sourcecode.swift; path = ViewController.swift; sourceTree = "<group>"; };
		B354DD622A19A26900E49D36 /* MyNetwork.xcdatamodel */ = {isa = PBXFileReference; lastKnownFileType = wrapper.xcdatamodel; path = MyNetwork.xcdatamodel; sourceTree = "<group>"; };
		B354DD642A19A26900E49D36 /* Assets.xcassets */ = {isa = PBXFileReference; lastKnownFileType = folder.assetcatalog; path = Assets.xcassets; sourceTree = "<group>"; };
		B354DD672A19A26900E49D36 /* Base */ = {isa = PBXFileReference; lastKnownFileType = file.storyboard; name = Base; path = Base.lproj/LaunchScreen.storyboard; sourceTree = "<group>"; };
		B354DD692A19A26900E49D36 /* Info.plist */ = {isa = PBXFileReference; lastKnownFileType = text.plist.xml; path = Info.plist; sourceTree = "<group>"; };
		B354DD6E2A19A26A00E49D36 /* MyNetworkTests.xctest */ = {isa = PBXFileReference; explicitFileType = wrapper.cfbundle; includeInIndex = 0; path = MyNetworkTests.xctest; sourceTree = BUILT_PRODUCTS_DIR; };
		B354DD722A19A26A00E49D36 /* MyNetworkTests.swift */ = {isa = PBXFileReference; lastKnownFileType = sourcecode.swift; path = MyNetworkTests.swift; sourceTree = "<group>"; };
		B354DD782A19A26A00E49D36 /* MyNetworkUITests.xctest */ = {isa = PBXFileReference; explicitFileType = wrapper.cfbundle; includeInIndex = 0; path = MyNetworkUITests.xctest; sourceTree = BUILT_PRODUCTS_DIR; };
		B354DD7C2A19A26A00E49D36 /* MyNetworkUITests.swift */ = {isa = PBXFileReference; lastKnownFileType = sourcecode.swift; path = MyNetworkUITests.swift; sourceTree = "<group>"; };
		B354DD7E2A19A26A00E49D36 /* MyNetworkUITestsLaunchTests.swift */ = {isa = PBXFileReference; lastKnownFileType = sourcecode.swift; path = MyNetworkUITestsLaunchTests.swift; sourceTree = "<group>"; };
		B354DD8E2A19B46200E49D36 /* UserListViewController.swift */ = {isa = PBXFileReference; lastKnownFileType = sourcecode.swift; path = UserListViewController.swift; sourceTree = "<group>"; };
		B354DD8F2A19B46200E49D36 /* UserListViewController.xib */ = {isa = PBXFileReference; lastKnownFileType = file.xib; path = UserListViewController.xib; sourceTree = "<group>"; };
		B354DD932A19CFCA00E49D36 /* UIViewExtensions.swift */ = {isa = PBXFileReference; lastKnownFileType = sourcecode.swift; path = UIViewExtensions.swift; sourceTree = "<group>"; };
		B354DD952A19D71400E49D36 /* Main.storyboard */ = {isa = PBXFileReference; fileEncoding = 4; lastKnownFileType = file.storyboard; path = Main.storyboard; sourceTree = "<group>"; };
		B354DD972A19D95000E49D36 /* UITextFieldExtension.swift */ = {isa = PBXFileReference; lastKnownFileType = sourcecode.swift; path = UITextFieldExtension.swift; sourceTree = "<group>"; };
		B37774002A1A59C000B2FA79 /* UserTableViewCell.swift */ = {isa = PBXFileReference; lastKnownFileType = sourcecode.swift; path = UserTableViewCell.swift; sourceTree = "<group>"; };
		B37774012A1A59C000B2FA79 /* UserTableViewCell.xib */ = {isa = PBXFileReference; lastKnownFileType = file.xib; path = UserTableViewCell.xib; sourceTree = "<group>"; };
		B37774042A1A61F400B2FA79 /* UserListViewModel.swift */ = {isa = PBXFileReference; lastKnownFileType = sourcecode.swift; path = UserListViewModel.swift; sourceTree = "<group>"; };
		B37774072A1A794A00B2FA79 /* CoreDataManager.swift */ = {isa = PBXFileReference; lastKnownFileType = sourcecode.swift; path = CoreDataManager.swift; sourceTree = "<group>"; };
		B377740A2A1A8EFD00B2FA79 /* NetworkManager.swift */ = {isa = PBXFileReference; lastKnownFileType = sourcecode.swift; path = NetworkManager.swift; sourceTree = "<group>"; };
		B377740D2A1A968400B2FA79 /* UserDisplayModel.swift */ = {isa = PBXFileReference; lastKnownFileType = sourcecode.swift; path = UserDisplayModel.swift; sourceTree = "<group>"; };
		B37774112A1A97DD00B2FA79 /* APIUser.swift */ = {isa = PBXFileReference; lastKnownFileType = sourcecode.swift; path = APIUser.swift; sourceTree = "<group>"; };
		B377741C2A1AA42C00B2FA79 /* UserRepository.swift */ = {isa = PBXFileReference; lastKnownFileType = sourcecode.swift; path = UserRepository.swift; sourceTree = "<group>"; };
		B377741F2A1AB37F00B2FA79 /* UserListViewControllerBuilder.swift */ = {isa = PBXFileReference; lastKnownFileType = sourcecode.swift; path = UserListViewControllerBuilder.swift; sourceTree = "<group>"; };
		B37774212A1ABA9F00B2FA79 /* APIEndpoints.swift */ = {isa = PBXFileReference; lastKnownFileType = sourcecode.swift; path = APIEndpoints.swift; sourceTree = "<group>"; };
		B37774242A1ADCEE00B2FA79 /* UIViewControllerExtension.swift */ = {isa = PBXFileReference; lastKnownFileType = sourcecode.swift; path = UIViewControllerExtension.swift; sourceTree = "<group>"; };
		B37774282A1B08A100B2FA79 /* APIUserPost.swift */ = {isa = PBXFileReference; lastKnownFileType = sourcecode.swift; path = APIUserPost.swift; sourceTree = "<group>"; };
		B377742A2A1B095500B2FA79 /* PostDisplayModel.swift */ = {isa = PBXFileReference; lastKnownFileType = sourcecode.swift; path = PostDisplayModel.swift; sourceTree = "<group>"; };
/* End PBXFileReference section */

/* Begin PBXFrameworksBuildPhase section */
		B354DD522A19A26900E49D36 /* Frameworks */ = {
			isa = PBXFrameworksBuildPhase;
			buildActionMask = 2147483647;
			files = (
			);
			runOnlyForDeploymentPostprocessing = 0;
		};
		B354DD6B2A19A26A00E49D36 /* Frameworks */ = {
			isa = PBXFrameworksBuildPhase;
			buildActionMask = 2147483647;
			files = (
			);
			runOnlyForDeploymentPostprocessing = 0;
		};
		B354DD752A19A26A00E49D36 /* Frameworks */ = {
			isa = PBXFrameworksBuildPhase;
			buildActionMask = 2147483647;
			files = (
			);
			runOnlyForDeploymentPostprocessing = 0;
		};
/* End PBXFrameworksBuildPhase section */

/* Begin PBXGroup section */
		B354DD4C2A19A26800E49D36 = {
			isa = PBXGroup;
			children = (
				B354DD572A19A26900E49D36 /* MyNetwork */,
				B354DD712A19A26A00E49D36 /* MyNetworkTests */,
				B354DD7B2A19A26A00E49D36 /* MyNetworkUITests */,
				B354DD562A19A26900E49D36 /* Products */,
			);
			sourceTree = "<group>";
		};
		B354DD562A19A26900E49D36 /* Products */ = {
			isa = PBXGroup;
			children = (
				B354DD552A19A26900E49D36 /* MyNetwork.app */,
				B354DD6E2A19A26A00E49D36 /* MyNetworkTests.xctest */,
				B354DD782A19A26A00E49D36 /* MyNetworkUITests.xctest */,
			);
			name = Products;
			sourceTree = "<group>";
		};
		B354DD572A19A26900E49D36 /* MyNetwork */ = {
			isa = PBXGroup;
			children = (
				B354DD952A19D71400E49D36 /* Main.storyboard */,
				B354DD922A19CF3900E49D36 /* Utilities */,
				B37774062A1A790A00B2FA79 /* Data */,
				B37774262A1AFD3800B2FA79 /* Presentation */,
				B354DD582A19A26900E49D36 /* AppDelegate.swift */,
				B354DD5A2A19A26900E49D36 /* SceneDelegate.swift */,
				B354DD5C2A19A26900E49D36 /* ViewController.swift */,
				B354DD642A19A26900E49D36 /* Assets.xcassets */,
				B354DD662A19A26900E49D36 /* LaunchScreen.storyboard */,
				B354DD692A19A26900E49D36 /* Info.plist */,
				B354DD612A19A26900E49D36 /* MyNetwork.xcdatamodeld */,
			);
			path = MyNetwork;
			sourceTree = "<group>";
		};
		B354DD712A19A26A00E49D36 /* MyNetworkTests */ = {
			isa = PBXGroup;
			children = (
				B354DD722A19A26A00E49D36 /* MyNetworkTests.swift */,
			);
			path = MyNetworkTests;
			sourceTree = "<group>";
		};
		B354DD7B2A19A26A00E49D36 /* MyNetworkUITests */ = {
			isa = PBXGroup;
			children = (
				B354DD7C2A19A26A00E49D36 /* MyNetworkUITests.swift */,
				B354DD7E2A19A26A00E49D36 /* MyNetworkUITestsLaunchTests.swift */,
			);
			path = MyNetworkUITests;
			sourceTree = "<group>";
		};
		B354DD8C2A19B3C400E49D36 /* UserListView */ = {
			isa = PBXGroup;
			children = (
				B377741E2A1AB36A00B2FA79 /* builder */,
				B37774102A1A977C00B2FA79 /* Model */,
				B354DD8D2A19B3FE00E49D36 /* ViewModel */,
				B377740F2A1A975600B2FA79 /* View */,
			);
			path = UserListView;
			sourceTree = "<group>";
		};
		B354DD8D2A19B3FE00E49D36 /* ViewModel */ = {
			isa = PBXGroup;
			children = (
				B37774042A1A61F400B2FA79 /* UserListViewModel.swift */,
				B377740D2A1A968400B2FA79 /* UserDisplayModel.swift */,
				B377742A2A1B095500B2FA79 /* PostDisplayModel.swift */,
			);
			path = ViewModel;
			sourceTree = "<group>";
		};
		B354DD922A19CF3900E49D36 /* Utilities */ = {
			isa = PBXGroup;
			children = (
				B37774232A1ADCDD00B2FA79 /* extensions */,
				B37774212A1ABA9F00B2FA79 /* APIEndpoints.swift */,
			);
			path = Utilities;
			sourceTree = "<group>";
		};
		B37773FF2A1A599E00B2FA79 /* cells */ = {
			isa = PBXGroup;
			children = (
				B37774002A1A59C000B2FA79 /* UserTableViewCell.swift */,
				B37774012A1A59C000B2FA79 /* UserTableViewCell.xib */,
			);
			path = cells;
			sourceTree = "<group>";
		};
		B37774062A1A790A00B2FA79 /* Data */ = {
			isa = PBXGroup;
			children = (
				B37774272A1B085900B2FA79 /* Model */,
				B37774092A1A8E6000B2FA79 /* Repository */,
				B37774072A1A794A00B2FA79 /* CoreDataManager.swift */,
				B377740A2A1A8EFD00B2FA79 /* NetworkManager.swift */,
			);
			path = Data;
			sourceTree = "<group>";
		};
		B37774092A1A8E6000B2FA79 /* Repository */ = {
			isa = PBXGroup;
			children = (
				B377741C2A1AA42C00B2FA79 /* UserRepository.swift */,
			);
			path = Repository;
			sourceTree = "<group>";
		};
		B377740F2A1A975600B2FA79 /* View */ = {
			isa = PBXGroup;
			children = (
				B37773FF2A1A599E00B2FA79 /* cells */,
				B354DD8E2A19B46200E49D36 /* UserListViewController.swift */,
				B354DD8F2A19B46200E49D36 /* UserListViewController.xib */,
			);
			path = View;
			sourceTree = "<group>";
		};
		B37774102A1A977C00B2FA79 /* Model */ = {
			isa = PBXGroup;
			children = (
			);
			path = Model;
			sourceTree = "<group>";
		};
		B377741E2A1AB36A00B2FA79 /* builder */ = {
			isa = PBXGroup;
			children = (
				B377741F2A1AB37F00B2FA79 /* UserListViewControllerBuilder.swift */,
			);
			path = builder;
			sourceTree = "<group>";
		};
		B37774232A1ADCDD00B2FA79 /* extensions */ = {
			isa = PBXGroup;
			children = (
				B354DD932A19CFCA00E49D36 /* UIViewExtensions.swift */,
				B354DD972A19D95000E49D36 /* UITextFieldExtension.swift */,
				B37774242A1ADCEE00B2FA79 /* UIViewControllerExtension.swift */,
			);
			path = extensions;
			sourceTree = "<group>";
		};
		B37774262A1AFD3800B2FA79 /* Presentation */ = {
			isa = PBXGroup;
			children = (
				B354DD8C2A19B3C400E49D36 /* UserListView */,
			);
			path = Presentation;
			sourceTree = "<group>";
		};
		B37774272A1B085900B2FA79 /* Model */ = {
			isa = PBXGroup;
			children = (
				B37774112A1A97DD00B2FA79 /* APIUser.swift */,
				B37774282A1B08A100B2FA79 /* APIUserPost.swift */,
			);
			path = Model;
			sourceTree = "<group>";
		};
/* End PBXGroup section */

/* Begin PBXNativeTarget section */
		B354DD542A19A26900E49D36 /* MyNetwork */ = {
			isa = PBXNativeTarget;
			buildConfigurationList = B354DD822A19A26A00E49D36 /* Build configuration list for PBXNativeTarget "MyNetwork" */;
			buildPhases = (
				B354DD512A19A26900E49D36 /* Sources */,
				B354DD522A19A26900E49D36 /* Frameworks */,
				B354DD532A19A26900E49D36 /* Resources */,
			);
			buildRules = (
			);
			dependencies = (
			);
			name = MyNetwork;
			productName = MyNetwork;
			productReference = B354DD552A19A26900E49D36 /* MyNetwork.app */;
			productType = "com.apple.product-type.application";
		};
		B354DD6D2A19A26A00E49D36 /* MyNetworkTests */ = {
			isa = PBXNativeTarget;
			buildConfigurationList = B354DD852A19A26A00E49D36 /* Build configuration list for PBXNativeTarget "MyNetworkTests" */;
			buildPhases = (
				B354DD6A2A19A26A00E49D36 /* Sources */,
				B354DD6B2A19A26A00E49D36 /* Frameworks */,
				B354DD6C2A19A26A00E49D36 /* Resources */,
			);
			buildRules = (
			);
			dependencies = (
				B354DD702A19A26A00E49D36 /* PBXTargetDependency */,
			);
			name = MyNetworkTests;
			productName = MyNetworkTests;
			productReference = B354DD6E2A19A26A00E49D36 /* MyNetworkTests.xctest */;
			productType = "com.apple.product-type.bundle.unit-test";
		};
		B354DD772A19A26A00E49D36 /* MyNetworkUITests */ = {
			isa = PBXNativeTarget;
			buildConfigurationList = B354DD882A19A26A00E49D36 /* Build configuration list for PBXNativeTarget "MyNetworkUITests" */;
			buildPhases = (
				B354DD742A19A26A00E49D36 /* Sources */,
				B354DD752A19A26A00E49D36 /* Frameworks */,
				B354DD762A19A26A00E49D36 /* Resources */,
			);
			buildRules = (
			);
			dependencies = (
				B354DD7A2A19A26A00E49D36 /* PBXTargetDependency */,
			);
			name = MyNetworkUITests;
			productName = MyNetworkUITests;
			productReference = B354DD782A19A26A00E49D36 /* MyNetworkUITests.xctest */;
			productType = "com.apple.product-type.bundle.ui-testing";
		};
/* End PBXNativeTarget section */

/* Begin PBXProject section */
		B354DD4D2A19A26800E49D36 /* Project object */ = {
			isa = PBXProject;
			attributes = {
				BuildIndependentTargetsInParallel = 1;
				LastSwiftUpdateCheck = 1430;
				LastUpgradeCheck = 1430;
				TargetAttributes = {
					B354DD542A19A26900E49D36 = {
						CreatedOnToolsVersion = 14.3;
					};
					B354DD6D2A19A26A00E49D36 = {
						CreatedOnToolsVersion = 14.3;
						TestTargetID = B354DD542A19A26900E49D36;
					};
					B354DD772A19A26A00E49D36 = {
						CreatedOnToolsVersion = 14.3;
						TestTargetID = B354DD542A19A26900E49D36;
					};
				};
			};
			buildConfigurationList = B354DD502A19A26800E49D36 /* Build configuration list for PBXProject "MyNetwork" */;
			compatibilityVersion = "Xcode 14.0";
			developmentRegion = en;
			hasScannedForEncodings = 0;
			knownRegions = (
				en,
				Base,
			);
			mainGroup = B354DD4C2A19A26800E49D36;
			productRefGroup = B354DD562A19A26900E49D36 /* Products */;
			projectDirPath = "";
			projectRoot = "";
			targets = (
				B354DD542A19A26900E49D36 /* MyNetwork */,
				B354DD6D2A19A26A00E49D36 /* MyNetworkTests */,
				B354DD772A19A26A00E49D36 /* MyNetworkUITests */,
			);
		};
/* End PBXProject section */

/* Begin PBXResourcesBuildPhase section */
		B354DD532A19A26900E49D36 /* Resources */ = {
			isa = PBXResourcesBuildPhase;
			buildActionMask = 2147483647;
			files = (
				B354DD682A19A26900E49D36 /* LaunchScreen.storyboard in Resources */,
				B354DD912A19B46200E49D36 /* UserListViewController.xib in Resources */,
				B354DD652A19A26900E49D36 /* Assets.xcassets in Resources */,
				B354DD962A19D71400E49D36 /* Main.storyboard in Resources */,
				B37774032A1A59C000B2FA79 /* UserTableViewCell.xib in Resources */,
			);
			runOnlyForDeploymentPostprocessing = 0;
		};
		B354DD6C2A19A26A00E49D36 /* Resources */ = {
			isa = PBXResourcesBuildPhase;
			buildActionMask = 2147483647;
			files = (
			);
			runOnlyForDeploymentPostprocessing = 0;
		};
		B354DD762A19A26A00E49D36 /* Resources */ = {
			isa = PBXResourcesBuildPhase;
			buildActionMask = 2147483647;
			files = (
			);
			runOnlyForDeploymentPostprocessing = 0;
		};
/* End PBXResourcesBuildPhase section */

/* Begin PBXSourcesBuildPhase section */
		B354DD512A19A26900E49D36 /* Sources */ = {
			isa = PBXSourcesBuildPhase;
			buildActionMask = 2147483647;
			files = (
				B354DD902A19B46200E49D36 /* UserListViewController.swift in Sources */,
				B37774122A1A97DD00B2FA79 /* APIUser.swift in Sources */,
				B354DD5D2A19A26900E49D36 /* ViewController.swift in Sources */,
				B354DD982A19D95000E49D36 /* UITextFieldExtension.swift in Sources */,
				B37774252A1ADCEE00B2FA79 /* UIViewControllerExtension.swift in Sources */,
				B377740E2A1A968400B2FA79 /* UserDisplayModel.swift in Sources */,
				B377742B2A1B095500B2FA79 /* PostDisplayModel.swift in Sources */,
				B354DD592A19A26900E49D36 /* AppDelegate.swift in Sources */,
				B377740B2A1A8EFD00B2FA79 /* NetworkManager.swift in Sources */,
				B37774052A1A61F400B2FA79 /* UserListViewModel.swift in Sources */,
				B37774022A1A59C000B2FA79 /* UserTableViewCell.swift in Sources */,
				B354DD632A19A26900E49D36 /* MyNetwork.xcdatamodeld in Sources */,
				B37774292A1B08A100B2FA79 /* APIUserPost.swift in Sources */,
				B377741D2A1AA42C00B2FA79 /* UserRepository.swift in Sources */,
				B37774222A1ABA9F00B2FA79 /* APIEndpoints.swift in Sources */,
				B354DD942A19CFCA00E49D36 /* UIViewExtensions.swift in Sources */,
				B37774082A1A794A00B2FA79 /* CoreDataManager.swift in Sources */,
				B37774202A1AB37F00B2FA79 /* UserListViewControllerBuilder.swift in Sources */,
				B354DD5B2A19A26900E49D36 /* SceneDelegate.swift in Sources */,
			);
			runOnlyForDeploymentPostprocessing = 0;
		};
		B354DD6A2A19A26A00E49D36 /* Sources */ = {
			isa = PBXSourcesBuildPhase;
			buildActionMask = 2147483647;
			files = (
				B354DD732A19A26A00E49D36 /* MyNetworkTests.swift in Sources */,
			);
			runOnlyForDeploymentPostprocessing = 0;
		};
		B354DD742A19A26A00E49D36 /* Sources */ = {
			isa = PBXSourcesBuildPhase;
			buildActionMask = 2147483647;
			files = (
				B354DD7D2A19A26A00E49D36 /* MyNetworkUITests.swift in Sources */,
				B354DD7F2A19A26A00E49D36 /* MyNetworkUITestsLaunchTests.swift in Sources */,
			);
			runOnlyForDeploymentPostprocessing = 0;
		};
/* End PBXSourcesBuildPhase section */

/* Begin PBXTargetDependency section */
		B354DD702A19A26A00E49D36 /* PBXTargetDependency */ = {
			isa = PBXTargetDependency;
			target = B354DD542A19A26900E49D36 /* MyNetwork */;
			targetProxy = B354DD6F2A19A26A00E49D36 /* PBXContainerItemProxy */;
		};
		B354DD7A2A19A26A00E49D36 /* PBXTargetDependency */ = {
			isa = PBXTargetDependency;
			target = B354DD542A19A26900E49D36 /* MyNetwork */;
			targetProxy = B354DD792A19A26A00E49D36 /* PBXContainerItemProxy */;
		};
/* End PBXTargetDependency section */

/* Begin PBXVariantGroup section */
		B354DD662A19A26900E49D36 /* LaunchScreen.storyboard */ = {
			isa = PBXVariantGroup;
			children = (
				B354DD672A19A26900E49D36 /* Base */,
			);
			name = LaunchScreen.storyboard;
			sourceTree = "<group>";
		};
/* End PBXVariantGroup section */

/* Begin XCBuildConfiguration section */
		B354DD802A19A26A00E49D36 /* Debug */ = {
			isa = XCBuildConfiguration;
			buildSettings = {
				ALWAYS_SEARCH_USER_PATHS = NO;
				CLANG_ANALYZER_NONNULL = YES;
				CLANG_ANALYZER_NUMBER_OBJECT_CONVERSION = YES_AGGRESSIVE;
				CLANG_CXX_LANGUAGE_STANDARD = "gnu++20";
				CLANG_ENABLE_MODULES = YES;
				CLANG_ENABLE_OBJC_ARC = YES;
				CLANG_ENABLE_OBJC_WEAK = YES;
				CLANG_WARN_BLOCK_CAPTURE_AUTORELEASING = YES;
				CLANG_WARN_BOOL_CONVERSION = YES;
				CLANG_WARN_COMMA = YES;
				CLANG_WARN_CONSTANT_CONVERSION = YES;
				CLANG_WARN_DEPRECATED_OBJC_IMPLEMENTATIONS = YES;
				CLANG_WARN_DIRECT_OBJC_ISA_USAGE = YES_ERROR;
				CLANG_WARN_DOCUMENTATION_COMMENTS = YES;
				CLANG_WARN_EMPTY_BODY = YES;
				CLANG_WARN_ENUM_CONVERSION = YES;
				CLANG_WARN_INFINITE_RECURSION = YES;
				CLANG_WARN_INT_CONVERSION = YES;
				CLANG_WARN_NON_LITERAL_NULL_CONVERSION = YES;
				CLANG_WARN_OBJC_IMPLICIT_RETAIN_SELF = YES;
				CLANG_WARN_OBJC_LITERAL_CONVERSION = YES;
				CLANG_WARN_OBJC_ROOT_CLASS = YES_ERROR;
				CLANG_WARN_QUOTED_INCLUDE_IN_FRAMEWORK_HEADER = YES;
				CLANG_WARN_RANGE_LOOP_ANALYSIS = YES;
				CLANG_WARN_STRICT_PROTOTYPES = YES;
				CLANG_WARN_SUSPICIOUS_MOVE = YES;
				CLANG_WARN_UNGUARDED_AVAILABILITY = YES_AGGRESSIVE;
				CLANG_WARN_UNREACHABLE_CODE = YES;
				CLANG_WARN__DUPLICATE_METHOD_MATCH = YES;
				COPY_PHASE_STRIP = NO;
				DEBUG_INFORMATION_FORMAT = dwarf;
				ENABLE_STRICT_OBJC_MSGSEND = YES;
				ENABLE_TESTABILITY = YES;
				GCC_C_LANGUAGE_STANDARD = gnu11;
				GCC_DYNAMIC_NO_PIC = NO;
				GCC_NO_COMMON_BLOCKS = YES;
				GCC_OPTIMIZATION_LEVEL = 0;
				GCC_PREPROCESSOR_DEFINITIONS = (
					"DEBUG=1",
					"$(inherited)",
				);
				GCC_WARN_64_TO_32_BIT_CONVERSION = YES;
				GCC_WARN_ABOUT_RETURN_TYPE = YES_ERROR;
				GCC_WARN_UNDECLARED_SELECTOR = YES;
				GCC_WARN_UNINITIALIZED_AUTOS = YES_AGGRESSIVE;
				GCC_WARN_UNUSED_FUNCTION = YES;
				GCC_WARN_UNUSED_VARIABLE = YES;
				IPHONEOS_DEPLOYMENT_TARGET = 16.4;
				MTL_ENABLE_DEBUG_INFO = INCLUDE_SOURCE;
				MTL_FAST_MATH = YES;
				ONLY_ACTIVE_ARCH = YES;
				SDKROOT = iphoneos;
				SWIFT_ACTIVE_COMPILATION_CONDITIONS = DEBUG;
				SWIFT_OPTIMIZATION_LEVEL = "-Onone";
			};
			name = Debug;
		};
		B354DD812A19A26A00E49D36 /* Release */ = {
			isa = XCBuildConfiguration;
			buildSettings = {
				ALWAYS_SEARCH_USER_PATHS = NO;
				CLANG_ANALYZER_NONNULL = YES;
				CLANG_ANALYZER_NUMBER_OBJECT_CONVERSION = YES_AGGRESSIVE;
				CLANG_CXX_LANGUAGE_STANDARD = "gnu++20";
				CLANG_ENABLE_MODULES = YES;
				CLANG_ENABLE_OBJC_ARC = YES;
				CLANG_ENABLE_OBJC_WEAK = YES;
				CLANG_WARN_BLOCK_CAPTURE_AUTORELEASING = YES;
				CLANG_WARN_BOOL_CONVERSION = YES;
				CLANG_WARN_COMMA = YES;
				CLANG_WARN_CONSTANT_CONVERSION = YES;
				CLANG_WARN_DEPRECATED_OBJC_IMPLEMENTATIONS = YES;
				CLANG_WARN_DIRECT_OBJC_ISA_USAGE = YES_ERROR;
				CLANG_WARN_DOCUMENTATION_COMMENTS = YES;
				CLANG_WARN_EMPTY_BODY = YES;
				CLANG_WARN_ENUM_CONVERSION = YES;
				CLANG_WARN_INFINITE_RECURSION = YES;
				CLANG_WARN_INT_CONVERSION = YES;
				CLANG_WARN_NON_LITERAL_NULL_CONVERSION = YES;
				CLANG_WARN_OBJC_IMPLICIT_RETAIN_SELF = YES;
				CLANG_WARN_OBJC_LITERAL_CONVERSION = YES;
				CLANG_WARN_OBJC_ROOT_CLASS = YES_ERROR;
				CLANG_WARN_QUOTED_INCLUDE_IN_FRAMEWORK_HEADER = YES;
				CLANG_WARN_RANGE_LOOP_ANALYSIS = YES;
				CLANG_WARN_STRICT_PROTOTYPES = YES;
				CLANG_WARN_SUSPICIOUS_MOVE = YES;
				CLANG_WARN_UNGUARDED_AVAILABILITY = YES_AGGRESSIVE;
				CLANG_WARN_UNREACHABLE_CODE = YES;
				CLANG_WARN__DUPLICATE_METHOD_MATCH = YES;
				COPY_PHASE_STRIP = NO;
				DEBUG_INFORMATION_FORMAT = "dwarf-with-dsym";
				ENABLE_NS_ASSERTIONS = NO;
				ENABLE_STRICT_OBJC_MSGSEND = YES;
				GCC_C_LANGUAGE_STANDARD = gnu11;
				GCC_NO_COMMON_BLOCKS = YES;
				GCC_WARN_64_TO_32_BIT_CONVERSION = YES;
				GCC_WARN_ABOUT_RETURN_TYPE = YES_ERROR;
				GCC_WARN_UNDECLARED_SELECTOR = YES;
				GCC_WARN_UNINITIALIZED_AUTOS = YES_AGGRESSIVE;
				GCC_WARN_UNUSED_FUNCTION = YES;
				GCC_WARN_UNUSED_VARIABLE = YES;
				IPHONEOS_DEPLOYMENT_TARGET = 16.4;
				MTL_ENABLE_DEBUG_INFO = NO;
				MTL_FAST_MATH = YES;
				SDKROOT = iphoneos;
				SWIFT_COMPILATION_MODE = wholemodule;
				SWIFT_OPTIMIZATION_LEVEL = "-O";
				VALIDATE_PRODUCT = YES;
			};
			name = Release;
		};
		B354DD832A19A26A00E49D36 /* Debug */ = {
			isa = XCBuildConfiguration;
			buildSettings = {
				ASSETCATALOG_COMPILER_APPICON_NAME = AppIcon;
				ASSETCATALOG_COMPILER_GLOBAL_ACCENT_COLOR_NAME = AccentColor;
				CODE_SIGN_STYLE = Automatic;
				CURRENT_PROJECT_VERSION = 1;
				DEVELOPMENT_TEAM = A6JN59V255;
				GENERATE_INFOPLIST_FILE = YES;
				INFOPLIST_FILE = MyNetwork/Info.plist;
				INFOPLIST_KEY_UIApplicationSupportsIndirectInputEvents = YES;
				INFOPLIST_KEY_UILaunchStoryboardName = LaunchScreen;
				INFOPLIST_KEY_UIMainStoryboardFile = Main;
				INFOPLIST_KEY_UISupportedInterfaceOrientations_iPad = "UIInterfaceOrientationPortrait UIInterfaceOrientationPortraitUpsideDown UIInterfaceOrientationLandscapeLeft UIInterfaceOrientationLandscapeRight";
				INFOPLIST_KEY_UISupportedInterfaceOrientations_iPhone = "UIInterfaceOrientationPortrait UIInterfaceOrientationLandscapeLeft UIInterfaceOrientationLandscapeRight";
				LD_RUNPATH_SEARCH_PATHS = (
					"$(inherited)",
					"@executable_path/Frameworks",
				);
				MARKETING_VERSION = 1.0;
				PRODUCT_BUNDLE_IDENTIFIER = com.guits.dev.MyNetwork;
				PRODUCT_NAME = "$(TARGET_NAME)";
				SWIFT_EMIT_LOC_STRINGS = YES;
				SWIFT_VERSION = 5.0;
				TARGETED_DEVICE_FAMILY = "1,2";
			};
			name = Debug;
		};
		B354DD842A19A26A00E49D36 /* Release */ = {
			isa = XCBuildConfiguration;
			buildSettings = {
				ASSETCATALOG_COMPILER_APPICON_NAME = AppIcon;
				ASSETCATALOG_COMPILER_GLOBAL_ACCENT_COLOR_NAME = AccentColor;
				CODE_SIGN_STYLE = Automatic;
				CURRENT_PROJECT_VERSION = 1;
				DEVELOPMENT_TEAM = A6JN59V255;
				GENERATE_INFOPLIST_FILE = YES;
				INFOPLIST_FILE = MyNetwork/Info.plist;
				INFOPLIST_KEY_UIApplicationSupportsIndirectInputEvents = YES;
				INFOPLIST_KEY_UILaunchStoryboardName = LaunchScreen;
				INFOPLIST_KEY_UIMainStoryboardFile = Main;
				INFOPLIST_KEY_UISupportedInterfaceOrientations_iPad = "UIInterfaceOrientationPortrait UIInterfaceOrientationPortraitUpsideDown UIInterfaceOrientationLandscapeLeft UIInterfaceOrientationLandscapeRight";
				INFOPLIST_KEY_UISupportedInterfaceOrientations_iPhone = "UIInterfaceOrientationPortrait UIInterfaceOrientationLandscapeLeft UIInterfaceOrientationLandscapeRight";
				LD_RUNPATH_SEARCH_PATHS = (
					"$(inherited)",
					"@executable_path/Frameworks",
				);
				MARKETING_VERSION = 1.0;
				PRODUCT_BUNDLE_IDENTIFIER = com.guits.dev.MyNetwork;
				PRODUCT_NAME = "$(TARGET_NAME)";
				SWIFT_EMIT_LOC_STRINGS = YES;
				SWIFT_VERSION = 5.0;
				TARGETED_DEVICE_FAMILY = "1,2";
			};
			name = Release;
		};
		B354DD862A19A26A00E49D36 /* Debug */ = {
			isa = XCBuildConfiguration;
			buildSettings = {
				ALWAYS_EMBED_SWIFT_STANDARD_LIBRARIES = YES;
				BUNDLE_LOADER = "$(TEST_HOST)";
				CODE_SIGN_STYLE = Automatic;
				CURRENT_PROJECT_VERSION = 1;
				DEVELOPMENT_TEAM = A6JN59V255;
				GENERATE_INFOPLIST_FILE = YES;
				IPHONEOS_DEPLOYMENT_TARGET = 16.4;
				MARKETING_VERSION = 1.0;
				PRODUCT_BUNDLE_IDENTIFIER = com.guits.dev.MyNetworkTests;
				PRODUCT_NAME = "$(TARGET_NAME)";
				SWIFT_EMIT_LOC_STRINGS = NO;
				SWIFT_VERSION = 5.0;
				TARGETED_DEVICE_FAMILY = "1,2";
				TEST_HOST = "$(BUILT_PRODUCTS_DIR)/MyNetwork.app/$(BUNDLE_EXECUTABLE_FOLDER_PATH)/MyNetwork";
			};
			name = Debug;
		};
		B354DD872A19A26A00E49D36 /* Release */ = {
			isa = XCBuildConfiguration;
			buildSettings = {
				ALWAYS_EMBED_SWIFT_STANDARD_LIBRARIES = YES;
				BUNDLE_LOADER = "$(TEST_HOST)";
				CODE_SIGN_STYLE = Automatic;
				CURRENT_PROJECT_VERSION = 1;
				DEVELOPMENT_TEAM = A6JN59V255;
				GENERATE_INFOPLIST_FILE = YES;
				IPHONEOS_DEPLOYMENT_TARGET = 16.4;
				MARKETING_VERSION = 1.0;
				PRODUCT_BUNDLE_IDENTIFIER = com.guits.dev.MyNetworkTests;
				PRODUCT_NAME = "$(TARGET_NAME)";
				SWIFT_EMIT_LOC_STRINGS = NO;
				SWIFT_VERSION = 5.0;
				TARGETED_DEVICE_FAMILY = "1,2";
				TEST_HOST = "$(BUILT_PRODUCTS_DIR)/MyNetwork.app/$(BUNDLE_EXECUTABLE_FOLDER_PATH)/MyNetwork";
			};
			name = Release;
		};
		B354DD892A19A26A00E49D36 /* Debug */ = {
			isa = XCBuildConfiguration;
			buildSettings = {
				ALWAYS_EMBED_SWIFT_STANDARD_LIBRARIES = YES;
				CODE_SIGN_STYLE = Automatic;
				CURRENT_PROJECT_VERSION = 1;
				DEVELOPMENT_TEAM = A6JN59V255;
				GENERATE_INFOPLIST_FILE = YES;
				MARKETING_VERSION = 1.0;
				PRODUCT_BUNDLE_IDENTIFIER = com.guits.dev.MyNetworkUITests;
				PRODUCT_NAME = "$(TARGET_NAME)";
				SWIFT_EMIT_LOC_STRINGS = NO;
				SWIFT_VERSION = 5.0;
				TARGETED_DEVICE_FAMILY = "1,2";
				TEST_TARGET_NAME = MyNetwork;
			};
			name = Debug;
		};
		B354DD8A2A19A26A00E49D36 /* Release */ = {
			isa = XCBuildConfiguration;
			buildSettings = {
				ALWAYS_EMBED_SWIFT_STANDARD_LIBRARIES = YES;
				CODE_SIGN_STYLE = Automatic;
				CURRENT_PROJECT_VERSION = 1;
				DEVELOPMENT_TEAM = A6JN59V255;
				GENERATE_INFOPLIST_FILE = YES;
				MARKETING_VERSION = 1.0;
				PRODUCT_BUNDLE_IDENTIFIER = com.guits.dev.MyNetworkUITests;
				PRODUCT_NAME = "$(TARGET_NAME)";
				SWIFT_EMIT_LOC_STRINGS = NO;
				SWIFT_VERSION = 5.0;
				TARGETED_DEVICE_FAMILY = "1,2";
				TEST_TARGET_NAME = MyNetwork;
			};
			name = Release;
		};
/* End XCBuildConfiguration section */

/* Begin XCConfigurationList section */
		B354DD502A19A26800E49D36 /* Build configuration list for PBXProject "MyNetwork" */ = {
			isa = XCConfigurationList;
			buildConfigurations = (
				B354DD802A19A26A00E49D36 /* Debug */,
				B354DD812A19A26A00E49D36 /* Release */,
			);
			defaultConfigurationIsVisible = 0;
			defaultConfigurationName = Release;
		};
		B354DD822A19A26A00E49D36 /* Build configuration list for PBXNativeTarget "MyNetwork" */ = {
			isa = XCConfigurationList;
			buildConfigurations = (
				B354DD832A19A26A00E49D36 /* Debug */,
				B354DD842A19A26A00E49D36 /* Release */,
			);
			defaultConfigurationIsVisible = 0;
			defaultConfigurationName = Release;
		};
		B354DD852A19A26A00E49D36 /* Build configuration list for PBXNativeTarget "MyNetworkTests" */ = {
			isa = XCConfigurationList;
			buildConfigurations = (
				B354DD862A19A26A00E49D36 /* Debug */,
				B354DD872A19A26A00E49D36 /* Release */,
			);
			defaultConfigurationIsVisible = 0;
			defaultConfigurationName = Release;
		};
		B354DD882A19A26A00E49D36 /* Build configuration list for PBXNativeTarget "MyNetworkUITests" */ = {
			isa = XCConfigurationList;
			buildConfigurations = (
				B354DD892A19A26A00E49D36 /* Debug */,
				B354DD8A2A19A26A00E49D36 /* Release */,
			);
			defaultConfigurationIsVisible = 0;
			defaultConfigurationName = Release;
		};
/* End XCConfigurationList section */

/* Begin XCVersionGroup section */
		B354DD612A19A26900E49D36 /* MyNetwork.xcdatamodeld */ = {
			isa = XCVersionGroup;
			children = (
				B354DD622A19A26900E49D36 /* MyNetwork.xcdatamodel */,
			);
			currentVersion = B354DD622A19A26900E49D36 /* MyNetwork.xcdatamodel */;
			path = MyNetwork.xcdatamodeld;
			sourceTree = "<group>";
			versionGroupType = wrapper.xcdatamodel;
		};
/* End XCVersionGroup section */
	};
	rootObject = B354DD4D2A19A26800E49D36 /* Project object */;
}
